{
  "object": {
    "pins": [
      {
        "package": "DSWaveformImage",
        "repositoryURL": "https://github.com/dmrschmidt/DSWaveformImage",
        "state": {
          "branch": null,
          "revision": "9eb57769aab17006d9035828dafb9159c3cf6ce9",
          "version": "10.1.2"
        }
      },
      {
        "package": "SDWebImage",
        "repositoryURL": "https://github.com/SDWebImage/SDWebImage.git",
        "state": {
          "branch": null,
          "revision": "9248fe561a2a153916fb9597e3af4434784c6d32",
          "version": "5.13.4"
        }
      },
      {
        "package": "SDWebImageSwiftUI",
        "repositoryURL": "https://github.com/SDWebImage/SDWebImageSwiftUI.git",
        "state": {
          "branch": "master",
          "revision": "ed288667c909c89127ab1b690113a3e397af3098",
          "version": null
        }
      },
      {
        "package": "SwiftUICharts",
        "repositoryURL": "https://github.com/willdale/SwiftUICharts.git",
        "state": {
          "branch": "main",
          "revision": "9a71bffb72c35960c6836891ca1e13e089532991",
          "version": null
        }
      },
      {
        "package": "UISheetPresentationControllerCustomDetent",
        "repositoryURL": "https://github.com/iMinichrispy/UISheetPresentationControllerCustomDetent",
        "state": {
          "branch": "master",
          "revision": "b508240a5b387dfe5e08e958b4bb19002795fd03",
          "version": null
        }
      }
    ]
  },
  "version": 1
}
